
Microsoft Visual Studio Solution File, Format Version 12.00
# Visual Studio Version 17
VisualStudioVersion = 17.2.32602.215
MinimumVisualStudioVersion = 10.0.40219.1
Project("{FAE04EC0-301F-11D3-BF4B-00C04F79EFBC}") = "Örnek Proje 1", "Örnek Proje 1.csproj", "{80D9AB52-5695-476B-85F5-94FEACF94287}"
EndProject
Global
	GlobalSection(SolutionConfigurationPlatforms) = preSolution
		Debug|Any CPU = Debug|Any CPU
		Release|Any CPU = Release|Any CPU
	EndGlobalSection
	GlobalSection(ProjectConfigurationPlatforms) = postSolution
		{80D9AB52-5695-476B-85F5-94FEACF94287}.Debug|Any CPU.ActiveCfg = Debug|Any CPU
		{80D9AB52-5695-476B-85F5-94FEACF94287}.Debug|Any CPU.Build.0 = Debug|Any CPU
		{80D9AB52-5695-476B-85F5-94FEACF94287}.Release|Any CPU.ActiveCfg = Release|Any CPU
		{80D9AB52-5695-476B-85F5-94FEACF94287}.Release|Any CPU.Build.0 = Release|Any CPU
	EndGlobalSection
	GlobalSection(SolutionProperties) = preSolution
		HideSolutionNode = FALSE
	EndGlobalSection
	GlobalSection(ExtensibilityGlobals) = postSolution
		SolutionGuid = {97A92DB3-2B0F-4F7E-8481-46666E26EE4B}
	EndGlobalSection
EndGlobal
